// !$*UTF8*$!
{
	archiveVersion = 1;
	classes = {
	};
	objectVersion = 55;
	objects = {

/* Begin PBXBuildFile section */
		C422632528BA193800AD9438 /* AppDelegate.swift in Sources */ = {isa = PBXBuildFile; fileRef = C422632428BA193800AD9438 /* AppDelegate.swift */; };
		C422632E28BA193A00AD9438 /* Assets.xcassets in Resources */ = {isa = PBXBuildFile; fileRef = C422632D28BA193A00AD9438 /* Assets.xcassets */; };
		C422633128BA193A00AD9438 /* LaunchScreen.storyboard in Resources */ = {isa = PBXBuildFile; fileRef = C422632F28BA193A00AD9438 /* LaunchScreen.storyboard */; };
		C422634228BA1A4C00AD9438 /* HomeController.swift in Sources */ = {isa = PBXBuildFile; fileRef = C422634128BA1A4C00AD9438 /* HomeController.swift */; };
		C43D548228C5071E00685ECA /* CardView.swift in Sources */ = {isa = PBXBuildFile; fileRef = C43D548128C5071E00685ECA /* CardView.swift */; };
		C470B84C28BB732600FC6B06 /* HomeNavigationStackView.swift in Sources */ = {isa = PBXBuildFile; fileRef = C470B84B28BB732600FC6B06 /* HomeNavigationStackView.swift */; };
		C492E6F428BE9F0C00BFB049 /* BottomControlsStackView.swift in Sources */ = {isa = PBXBuildFile; fileRef = C492E6F328BE9F0C00BFB049 /* BottomControlsStackView.swift */; };
		C49DD50628D5C50200385830 /* User.swift in Sources */ = {isa = PBXBuildFile; fileRef = C49DD50528D5C50200385830 /* User.swift */; };
		C4F96E2F28D9EC5700126E57 /* CardViewModel.swift in Sources */ = {isa = PBXBuildFile; fileRef = C4F96E2E28D9EC5700126E57 /* CardViewModel.swift */; };
/* End PBXBuildFile section */

/* Begin PBXFileReference section */
		C422632128BA193800AD9438 /* Tinder-Swift.app */ = {isa = PBXFileReference; explicitFileType = wrapper.application; includeInIndex = 0; path = "Tinder-Swift.app"; sourceTree = BUILT_PRODUCTS_DIR; };
		C422632428BA193800AD9438 /* AppDelegate.swift */ = {isa = PBXFileReference; lastKnownFileType = sourcecode.swift; path = AppDelegate.swift; sourceTree = "<group>"; };
		C422632D28BA193A00AD9438 /* Assets.xcassets */ = {isa = PBXFileReference; lastKnownFileType = folder.assetcatalog; path = Assets.xcassets; sourceTree = "<group>"; };
		C422633028BA193A00AD9438 /* Base */ = {isa = PBXFileReference; lastKnownFileType = file.storyboard; name = Base; path = Base.lproj/LaunchScreen.storyboard; sourceTree = "<group>"; };
		C422633228BA193A00AD9438 /* Info.plist */ = {isa = PBXFileReference; lastKnownFileType = text.plist.xml; path = Info.plist; sourceTree = "<group>"; };
		C422634128BA1A4C00AD9438 /* HomeController.swift */ = {isa = PBXFileReference; lastKnownFileType = sourcecode.swift; path = HomeController.swift; sourceTree = "<group>"; };
		C43D548128C5071E00685ECA /* CardView.swift */ = {isa = PBXFileReference; lastKnownFileType = sourcecode.swift; path = CardView.swift; sourceTree = "<group>"; };
		C470B84B28BB732600FC6B06 /* HomeNavigationStackView.swift */ = {isa = PBXFileReference; lastKnownFileType = sourcecode.swift; path = HomeNavigationStackView.swift; sourceTree = "<group>"; };
		C492E6F328BE9F0C00BFB049 /* BottomControlsStackView.swift */ = {isa = PBXFileReference; lastKnownFileType = sourcecode.swift; path = BottomControlsStackView.swift; sourceTree = "<group>"; };
		C49DD50528D5C50200385830 /* User.swift */ = {isa = PBXFileReference; lastKnownFileType = sourcecode.swift; path = User.swift; sourceTree = "<group>"; };
		C4F96E2E28D9EC5700126E57 /* CardViewModel.swift */ = {isa = PBXFileReference; lastKnownFileType = sourcecode.swift; path = CardViewModel.swift; sourceTree = "<group>"; };
/* End PBXFileReference section */

/* Begin PBXFrameworksBuildPhase section */
		C422631E28BA193800AD9438 /* Frameworks */ = {
			isa = PBXFrameworksBuildPhase;
			buildActionMask = 2147483647;
			files = (
			);
			runOnlyForDeploymentPostprocessing = 0;
		};
/* End PBXFrameworksBuildPhase section */

/* Begin PBXGroup section */
		C422631828BA193800AD9438 = {
			isa = PBXGroup;
			children = (
				C422632328BA193800AD9438 /* Tinder-Swift */,
				C422632228BA193800AD9438 /* Products */,
			);
			sourceTree = "<group>";
		};
		C422632228BA193800AD9438 /* Products */ = {
			isa = PBXGroup;
			children = (
				C422632128BA193800AD9438 /* Tinder-Swift.app */,
			);
			name = Products;
			sourceTree = "<group>";
		};
		C422632328BA193800AD9438 /* Tinder-Swift */ = {
			isa = PBXGroup;
			children = (
				C422633F28BA19E400AD9438 /* Model */,
				C422633E28BA19DF00AD9438 /* View */,
				C422633D28BA19D800AD9438 /* ViewModel */,
				C422633A28BA196100AD9438 /* Controller */,
				C422633928BA195100AD9438 /* API */,
				C422633828BA194900AD9438 /* Utils */,
				C422634028BA1A0B00AD9438 /* Files */,
			);
			path = "Tinder-Swift";
			sourceTree = "<group>";
		};
		C422633828BA194900AD9438 /* Utils */ = {
			isa = PBXGroup;
			children = (
			);
			path = Utils;
			sourceTree = "<group>";
		};
		C422633928BA195100AD9438 /* API */ = {
			isa = PBXGroup;
			children = (
			);
			path = API;
			sourceTree = "<group>";
		};
		C422633A28BA196100AD9438 /* Controller */ = {
			isa = PBXGroup;
			children = (
				C422634128BA1A4C00AD9438 /* HomeController.swift */,
			);
			path = Controller;
			sourceTree = "<group>";
		};
		C422633D28BA19D800AD9438 /* ViewModel */ = {
			isa = PBXGroup;
			children = (
				C4F96E2E28D9EC5700126E57 /* CardViewModel.swift */,
			);
			path = ViewModel;
			sourceTree = "<group>";
		};
		C422633E28BA19DF00AD9438 /* View */ = {
			isa = PBXGroup;
			children = (
				C470B84B28BB732600FC6B06 /* HomeNavigationStackView.swift */,
				C492E6F328BE9F0C00BFB049 /* BottomControlsStackView.swift */,
				C43D548128C5071E00685ECA /* CardView.swift */,
			);
			path = View;
			sourceTree = "<group>";
		};
		C422633F28BA19E400AD9438 /* Model */ = {
			isa = PBXGroup;
			children = (
				C49DD50528D5C50200385830 /* User.swift */,
			);
			path = Model;
			sourceTree = "<group>";
		};
		C422634028BA1A0B00AD9438 /* Files */ = {
			isa = PBXGroup;
			children = (
				C422632428BA193800AD9438 /* AppDelegate.swift */,
				C422632D28BA193A00AD9438 /* Assets.xcassets */,
				C422632F28BA193A00AD9438 /* LaunchScreen.storyboard */,
				C422633228BA193A00AD9438 /* Info.plist */,
			);
			name = Files;
			sourceTree = "<group>";
		};
/* End PBXGroup section */

/* Begin PBXNativeTarget section */
		C422632028BA193800AD9438 /* Tinder-Swift */ = {
			isa = PBXNativeTarget;
			buildConfigurationList = C422633528BA193A00AD9438 /* Build configuration list for PBXNativeTarget "Tinder-Swift" */;
			buildPhases = (
				C422631D28BA193800AD9438 /* Sources */,
				C422631E28BA193800AD9438 /* Frameworks */,
				C422631F28BA193800AD9438 /* Resources */,
			);
			buildRules = (
			);
			dependencies = (
			);
			name = "Tinder-Swift";
			productName = "Tinder-Swift";
			productReference = C422632128BA193800AD9438 /* Tinder-Swift.app */;
			productType = "com.apple.product-type.application";
		};
/* End PBXNativeTarget section */

/* Begin PBXProject section */
		C422631928BA193800AD9438 /* Project object */ = {
			isa = PBXProject;
			attributes = {
				BuildIndependentTargetsInParallel = 1;
				LastSwiftUpdateCheck = 1340;
				LastUpgradeCheck = 1340;
				TargetAttributes = {
					C422632028BA193800AD9438 = {
						CreatedOnToolsVersion = 13.4.1;
					};
				};
			};
			buildConfigurationList = C422631C28BA193800AD9438 /* Build configuration list for PBXProject "Tinder-Swift" */;
			compatibilityVersion = "Xcode 13.0";
			developmentRegion = en;
			hasScannedForEncodings = 0;
			knownRegions = (
				en,
				Base,
			);
			mainGroup = C422631828BA193800AD9438;
			productRefGroup = C422632228BA193800AD9438 /* Products */;
			projectDirPath = "";
			projectRoot = "";
			targets = (
				C422632028BA193800AD9438 /* Tinder-Swift */,
			);
		};
/* End PBXProject section */

/* Begin PBXResourcesBuildPhase section */
		C422631F28BA193800AD9438 /* Resources */ = {
			isa = PBXResourcesBuildPhase;
			buildActionMask = 2147483647;
			files = (
				C422633128BA193A00AD9438 /* LaunchScreen.storyboard in Resources */,
				C422632E28BA193A00AD9438 /* Assets.xcassets in Resources */,
			);
			runOnlyForDeploymentPostprocessing = 0;
		};
/* End PBXResourcesBuildPhase section */

/* Begin PBXSourcesBuildPhase section */
		C422631D28BA193800AD9438 /* Sources */ = {
			isa = PBXSourcesBuildPhase;
			buildActionMask = 2147483647;
			files = (
				C422632528BA193800AD9438 /* AppDelegate.swift in Sources */,
				C470B84C28BB732600FC6B06 /* HomeNavigationStackView.swift in Sources */,
				C49DD50628D5C50200385830 /* User.swift in Sources */,
				C492E6F428BE9F0C00BFB049 /* BottomControlsStackView.swift in Sources */,
				C422634228BA1A4C00AD9438 /* HomeController.swift in Sources */,
				C43D548228C5071E00685ECA /* CardView.swift in Sources */,
				C4F96E2F28D9EC5700126E57 /* CardViewModel.swift in Sources */,
			);
			runOnlyForDeploymentPostprocessing = 0;
		};
/* End PBXSourcesBuildPhase section */

/* Begin PBXVariantGroup section */
		C422632F28BA193A00AD9438 /* LaunchScreen.storyboard */ = {
			isa = PBXVariantGroup;
			children = (
				C422633028BA193A00AD9438 /* Base */,
			);
			name = LaunchScreen.storyboard;
			sourceTree = "<group>";
		};
/* End PBXVariantGroup section */

/* Begin XCBuildConfiguration section */
		C422633328BA193A00AD9438 /* Debug */ = {
			isa = XCBuildConfiguration;
			buildSettings = {
				ALWAYS_SEARCH_USER_PATHS = NO;
				CLANG_ANALYZER_NONNULL = YES;
				CLANG_ANALYZER_NUMBER_OBJECT_CONVERSION = YES_AGGRESSIVE;
				CLANG_CXX_LANGUAGE_STANDARD = "gnu++17";
				CLANG_ENABLE_MODULES = YES;
				CLANG_ENABLE_OBJC_ARC = YES;
				CLANG_ENABLE_OBJC_WEAK = YES;
				CLANG_WARN_BLOCK_CAPTURE_AUTORELEASING = YES;
				CLANG_WARN_BOOL_CONVERSION = YES;
				CLANG_WARN_COMMA = YES;
				CLANG_WARN_CONSTANT_CONVERSION = YES;
				CLANG_WARN_DEPRECATED_OBJC_IMPLEMENTATIONS = YES;
				CLANG_WARN_DIRECT_OBJC_ISA_USAGE = YES_ERROR;
				CLANG_WARN_DOCUMENTATION_COMMENTS = YES;
				CLANG_WARN_EMPTY_BODY = YES;
				CLANG_WARN_ENUM_CONVERSION = YES;
				CLANG_WARN_INFINITE_RECURSION = YES;
				CLANG_WARN_INT_CONVERSION = YES;
				CLANG_WARN_NON_LITERAL_NULL_CONVERSION = YES;
				CLANG_WARN_OBJC_IMPLICIT_RETAIN_SELF = YES;
				CLANG_WARN_OBJC_LITERAL_CONVERSION = YES;
				CLANG_WARN_OBJC_ROOT_CLASS = YES_ERROR;
				CLANG_WARN_QUOTED_INCLUDE_IN_FRAMEWORK_HEADER = YES;
				CLANG_WARN_RANGE_LOOP_ANALYSIS = YES;
				CLANG_WARN_STRICT_PROTOTYPES = YES;
				CLANG_WARN_SUSPICIOUS_MOVE = YES;
				CLANG_WARN_UNGUARDED_AVAILABILITY = YES_AGGRESSIVE;
				CLANG_WARN_UNREACHABLE_CODE = YES;
				CLANG_WARN__DUPLICATE_METHOD_MATCH = YES;
				COPY_PHASE_STRIP = NO;
				DEBUG_INFORMATION_FORMAT = dwarf;
				ENABLE_STRICT_OBJC_MSGSEND = YES;
				ENABLE_TESTABILITY = YES;
				GCC_C_LANGUAGE_STANDARD = gnu11;
				GCC_DYNAMIC_NO_PIC = NO;
				GCC_NO_COMMON_BLOCKS = YES;
				GCC_OPTIMIZATION_LEVEL = 0;
				GCC_PREPROCESSOR_DEFINITIONS = (
					"DEBUG=1",
					"$(inherited)",
				);
				GCC_WARN_64_TO_32_BIT_CONVERSION = YES;
				GCC_WARN_ABOUT_RETURN_TYPE = YES_ERROR;
				GCC_WARN_UNDECLARED_SELECTOR = YES;
				GCC_WARN_UNINITIALIZED_AUTOS = YES_AGGRESSIVE;
				GCC_WARN_UNUSED_FUNCTION = YES;
				GCC_WARN_UNUSED_VARIABLE = YES;
				IPHONEOS_DEPLOYMENT_TARGET = 15.5;
				MTL_ENABLE_DEBUG_INFO = INCLUDE_SOURCE;
				MTL_FAST_MATH = YES;
				ONLY_ACTIVE_ARCH = YES;
				SDKROOT = iphoneos;
				SWIFT_ACTIVE_COMPILATION_CONDITIONS = DEBUG;
				SWIFT_OPTIMIZATION_LEVEL = "-Onone";
			};
			name = Debug;
		};
		C422633428BA193A00AD9438 /* Release */ = {
			isa = XCBuildConfiguration;
			buildSettings = {
				ALWAYS_SEARCH_USER_PATHS = NO;
				CLANG_ANALYZER_NONNULL = YES;
				CLANG_ANALYZER_NUMBER_OBJECT_CONVERSION = YES_AGGRESSIVE;
				CLANG_CXX_LANGUAGE_STANDARD = "gnu++17";
				CLANG_ENABLE_MODULES = YES;
				CLANG_ENABLE_OBJC_ARC = YES;
				CLANG_ENABLE_OBJC_WEAK = YES;
				CLANG_WARN_BLOCK_CAPTURE_AUTORELEASING = YES;
				CLANG_WARN_BOOL_CONVERSION = YES;
				CLANG_WARN_COMMA = YES;
				CLANG_WARN_CONSTANT_CONVERSION = YES;
				CLANG_WARN_DEPRECATED_OBJC_IMPLEMENTATIONS = YES;
				CLANG_WARN_DIRECT_OBJC_ISA_USAGE = YES_ERROR;
				CLANG_WARN_DOCUMENTATION_COMMENTS = YES;
				CLANG_WARN_EMPTY_BODY = YES;
				CLANG_WARN_ENUM_CONVERSION = YES;
				CLANG_WARN_INFINITE_RECURSION = YES;
				CLANG_WARN_INT_CONVERSION = YES;
				CLANG_WARN_NON_LITERAL_NULL_CONVERSION = YES;
				CLANG_WARN_OBJC_IMPLICIT_RETAIN_SELF = YES;
				CLANG_WARN_OBJC_LITERAL_CONVERSION = YES;
				CLANG_WARN_OBJC_ROOT_CLASS = YES_ERROR;
				CLANG_WARN_QUOTED_INCLUDE_IN_FRAMEWORK_HEADER = YES;
				CLANG_WARN_RANGE_LOOP_ANALYSIS = YES;
				CLANG_WARN_STRICT_PROTOTYPES = YES;
				CLANG_WARN_SUSPICIOUS_MOVE = YES;
				CLANG_WARN_UNGUARDED_AVAILABILITY = YES_AGGRESSIVE;
				CLANG_WARN_UNREACHABLE_CODE = YES;
				CLANG_WARN__DUPLICATE_METHOD_MATCH = YES;
				COPY_PHASE_STRIP = NO;
				DEBUG_INFORMATION_FORMAT = "dwarf-with-dsym";
				ENABLE_NS_ASSERTIONS = NO;
				ENABLE_STRICT_OBJC_MSGSEND = YES;
				GCC_C_LANGUAGE_STANDARD = gnu11;
				GCC_NO_COMMON_BLOCKS = YES;
				GCC_WARN_64_TO_32_BIT_CONVERSION = YES;
				GCC_WARN_ABOUT_RETURN_TYPE = YES_ERROR;
				GCC_WARN_UNDECLARED_SELECTOR = YES;
				GCC_WARN_UNINITIALIZED_AUTOS = YES_AGGRESSIVE;
				GCC_WARN_UNUSED_FUNCTION = YES;
				GCC_WARN_UNUSED_VARIABLE = YES;
				IPHONEOS_DEPLOYMENT_TARGET = 15.5;
				MTL_ENABLE_DEBUG_INFO = NO;
				MTL_FAST_MATH = YES;
				SDKROOT = iphoneos;
				SWIFT_COMPILATION_MODE = wholemodule;
				SWIFT_OPTIMIZATION_LEVEL = "-O";
				VALIDATE_PRODUCT = YES;
			};
			name = Release;
		};
		C422633628BA193A00AD9438 /* Debug */ = {
			isa = XCBuildConfiguration;
			buildSettings = {
				ASSETCATALOG_COMPILER_APPICON_NAME = AppIcon;
				ASSETCATALOG_COMPILER_GLOBAL_ACCENT_COLOR_NAME = AccentColor;
				CODE_SIGN_STYLE = Automatic;
				CURRENT_PROJECT_VERSION = 1;
				DEVELOPMENT_TEAM = 5XZHHC4623;
				GENERATE_INFOPLIST_FILE = YES;
				INFOPLIST_FILE = "Tinder-Swift/Info.plist";
				INFOPLIST_KEY_UIApplicationSupportsIndirectInputEvents = YES;
				INFOPLIST_KEY_UILaunchStoryboardName = LaunchScreen;
				INFOPLIST_KEY_UISupportedInterfaceOrientations_iPad = "UIInterfaceOrientationPortrait UIInterfaceOrientationPortraitUpsideDown UIInterfaceOrientationLandscapeLeft UIInterfaceOrientationLandscapeRight";
				INFOPLIST_KEY_UISupportedInterfaceOrientations_iPhone = "UIInterfaceOrientationPortrait UIInterfaceOrientationLandscapeLeft UIInterfaceOrientationLandscapeRight";
				LD_RUNPATH_SEARCH_PATHS = (
					"$(inherited)",
					"@executable_path/Frameworks",
				);
				MARKETING_VERSION = 1.0;
				PRODUCT_BUNDLE_IDENTIFIER = "com.hakkicansengonul.Tinder-Swift";
				PRODUCT_NAME = "$(TARGET_NAME)";
				SWIFT_EMIT_LOC_STRINGS = YES;
				SWIFT_VERSION = 5.0;
				TARGETED_DEVICE_FAMILY = "1,2";
			};
			name = Debug;
		};
		C422633728BA193A00AD9438 /* Release */ = {
			isa = XCBuildConfiguration;
			buildSettings = {
				ASSETCATALOG_COMPILER_APPICON_NAME = AppIcon;
				ASSETCATALOG_COMPILER_GLOBAL_ACCENT_COLOR_NAME = AccentColor;
				CODE_SIGN_STYLE = Automatic;
				CURRENT_PROJECT_VERSION = 1;
				DEVELOPMENT_TEAM = 5XZHHC4623;
				GENERATE_INFOPLIST_FILE = YES;
				INFOPLIST_FILE = "Tinder-Swift/Info.plist";
				INFOPLIST_KEY_UIApplicationSupportsIndirectInputEvents = YES;
				INFOPLIST_KEY_UILaunchStoryboardName = LaunchScreen;
				INFOPLIST_KEY_UISupportedInterfaceOrientations_iPad = "UIInterfaceOrientationPortrait UIInterfaceOrientationPortraitUpsideDown UIInterfaceOrientationLandscapeLeft UIInterfaceOrientationLandscapeRight";
				INFOPLIST_KEY_UISupportedInterfaceOrientations_iPhone = "UIInterfaceOrientationPortrait UIInterfaceOrientationLandscapeLeft UIInterfaceOrientationLandscapeRight";
				LD_RUNPATH_SEARCH_PATHS = (
					"$(inherited)",
					"@executable_path/Frameworks",
				);
				MARKETING_VERSION = 1.0;
				PRODUCT_BUNDLE_IDENTIFIER = "com.hakkicansengonul.Tinder-Swift";
				PRODUCT_NAME = "$(TARGET_NAME)";
				SWIFT_EMIT_LOC_STRINGS = YES;
				SWIFT_VERSION = 5.0;
				TARGETED_DEVICE_FAMILY = "1,2";
			};
			name = Release;
		};
/* End XCBuildConfiguration section */

/* Begin XCConfigurationList section */
		C422631C28BA193800AD9438 /* Build configuration list for PBXProject "Tinder-Swift" */ = {
			isa = XCConfigurationList;
			buildConfigurations = (
				C422633328BA193A00AD9438 /* Debug */,
				C422633428BA193A00AD9438 /* Release */,
			);
			defaultConfigurationIsVisible = 0;
			defaultConfigurationName = Release;
		};
		C422633528BA193A00AD9438 /* Build configuration list for PBXNativeTarget "Tinder-Swift" */ = {
			isa = XCConfigurationList;
			buildConfigurations = (
				C422633628BA193A00AD9438 /* Debug */,
				C422633728BA193A00AD9438 /* Release */,
			);
			defaultConfigurationIsVisible = 0;
			defaultConfigurationName = Release;
		};
/* End XCConfigurationList section */
	};
	rootObject = C422631928BA193800AD9438 /* Project object */;
}
